// !$*UTF8*$!
{
	archiveVersion = 1;
	classes = {
	};
	objectVersion = 55;
	objects = {

/* Begin PBXBuildFile section */
		10534D6828C5B42600C1122D /* PostDataSaturation.swift in Sources */ = {isa = PBXBuildFile; fileRef = 10534D6728C5B42600C1122D /* PostDataSaturation.swift */; };
		10534D6A28C5B44F00C1122D /* PostDataHue.swift in Sources */ = {isa = PBXBuildFile; fileRef = 10534D6928C5B44F00C1122D /* PostDataHue.swift */; };
		1091997828C5B5B600F1B49F /* ColorWheel.swift in Sources */ = {isa = PBXBuildFile; fileRef = 1091997728C5B5B600F1B49F /* ColorWheel.swift */; };
		109BB85E28B872CD00177DAC /* simple_ui_nanoleafApp.swift in Sources */ = {isa = PBXBuildFile; fileRef = 109BB85D28B872CD00177DAC /* simple_ui_nanoleafApp.swift */; };
		109BB86028B872CD00177DAC /* ContentView.swift in Sources */ = {isa = PBXBuildFile; fileRef = 109BB85F28B872CD00177DAC /* ContentView.swift */; };
		109BB86228B872D600177DAC /* Assets.xcassets in Resources */ = {isa = PBXBuildFile; fileRef = 109BB86128B872D600177DAC /* Assets.xcassets */; };
		109BB86528B872D600177DAC /* Preview Assets.xcassets in Resources */ = {isa = PBXBuildFile; fileRef = 109BB86428B872D600177DAC /* Preview Assets.xcassets */; };
		109BB86F28B872D700177DAC /* simple_ui_nanoleafTests.swift in Sources */ = {isa = PBXBuildFile; fileRef = 109BB86E28B872D700177DAC /* simple_ui_nanoleafTests.swift */; };
		109BB87928B872D700177DAC /* simple_ui_nanoleafUITests.swift in Sources */ = {isa = PBXBuildFile; fileRef = 109BB87828B872D700177DAC /* simple_ui_nanoleafUITests.swift */; };
		109BB87B28B872D700177DAC /* simple_ui_nanoleafUITestsLaunchTests.swift in Sources */ = {isa = PBXBuildFile; fileRef = 109BB87A28B872D700177DAC /* simple_ui_nanoleafUITestsLaunchTests.swift */; };
/* End PBXBuildFile section */

/* Begin PBXContainerItemProxy section */
		109BB86B28B872D700177DAC /* PBXContainerItemProxy */ = {
			isa = PBXContainerItemProxy;
			containerPortal = 109BB85228B872CC00177DAC /* Project object */;
			proxyType = 1;
			remoteGlobalIDString = 109BB85928B872CD00177DAC;
			remoteInfo = "simple-ui-nanoleaf";
		};
		109BB87528B872D700177DAC /* PBXContainerItemProxy */ = {
			isa = PBXContainerItemProxy;
			containerPortal = 109BB85228B872CC00177DAC /* Project object */;
			proxyType = 1;
			remoteGlobalIDString = 109BB85928B872CD00177DAC;
			remoteInfo = "simple-ui-nanoleaf";
		};
/* End PBXContainerItemProxy section */

/* Begin PBXFileReference section */
		10534D6728C5B42600C1122D /* PostDataSaturation.swift */ = {isa = PBXFileReference; lastKnownFileType = sourcecode.swift; path = PostDataSaturation.swift; sourceTree = "<group>"; };
		10534D6928C5B44F00C1122D /* PostDataHue.swift */ = {isa = PBXFileReference; lastKnownFileType = sourcecode.swift; path = PostDataHue.swift; sourceTree = "<group>"; };
		1091997728C5B5B600F1B49F /* ColorWheel.swift */ = {isa = PBXFileReference; lastKnownFileType = sourcecode.swift; path = ColorWheel.swift; sourceTree = "<group>"; };
		109BB85A28B872CD00177DAC /* simple-ui-nanoleaf.app */ = {isa = PBXFileReference; explicitFileType = wrapper.application; includeInIndex = 0; path = "simple-ui-nanoleaf.app"; sourceTree = BUILT_PRODUCTS_DIR; };
		109BB85D28B872CD00177DAC /* simple_ui_nanoleafApp.swift */ = {isa = PBXFileReference; lastKnownFileType = sourcecode.swift; path = simple_ui_nanoleafApp.swift; sourceTree = "<group>"; };
		109BB85F28B872CD00177DAC /* ContentView.swift */ = {isa = PBXFileReference; lastKnownFileType = sourcecode.swift; path = ContentView.swift; sourceTree = "<group>"; };
		109BB86128B872D600177DAC /* Assets.xcassets */ = {isa = PBXFileReference; lastKnownFileType = folder.assetcatalog; path = Assets.xcassets; sourceTree = "<group>"; };
		109BB86428B872D600177DAC /* Preview Assets.xcassets */ = {isa = PBXFileReference; lastKnownFileType = folder.assetcatalog; path = "Preview Assets.xcassets"; sourceTree = "<group>"; };
		109BB86A28B872D700177DAC /* simple-ui-nanoleafTests.xctest */ = {isa = PBXFileReference; explicitFileType = wrapper.cfbundle; includeInIndex = 0; path = "simple-ui-nanoleafTests.xctest"; sourceTree = BUILT_PRODUCTS_DIR; };
		109BB86E28B872D700177DAC /* simple_ui_nanoleafTests.swift */ = {isa = PBXFileReference; lastKnownFileType = sourcecode.swift; path = simple_ui_nanoleafTests.swift; sourceTree = "<group>"; };
		109BB87428B872D700177DAC /* simple-ui-nanoleafUITests.xctest */ = {isa = PBXFileReference; explicitFileType = wrapper.cfbundle; includeInIndex = 0; path = "simple-ui-nanoleafUITests.xctest"; sourceTree = BUILT_PRODUCTS_DIR; };
		109BB87828B872D700177DAC /* simple_ui_nanoleafUITests.swift */ = {isa = PBXFileReference; lastKnownFileType = sourcecode.swift; path = simple_ui_nanoleafUITests.swift; sourceTree = "<group>"; };
		109BB87A28B872D700177DAC /* simple_ui_nanoleafUITestsLaunchTests.swift */ = {isa = PBXFileReference; lastKnownFileType = sourcecode.swift; path = simple_ui_nanoleafUITestsLaunchTests.swift; sourceTree = "<group>"; };
/* End PBXFileReference section */

/* Begin PBXFrameworksBuildPhase section */
		109BB85728B872CD00177DAC /* Frameworks */ = {
			isa = PBXFrameworksBuildPhase;
			buildActionMask = 2147483647;
			files = (
			);
			runOnlyForDeploymentPostprocessing = 0;
		};
		109BB86728B872D700177DAC /* Frameworks */ = {
			isa = PBXFrameworksBuildPhase;
			buildActionMask = 2147483647;
			files = (
			);
			runOnlyForDeploymentPostprocessing = 0;
		};
		109BB87128B872D700177DAC /* Frameworks */ = {
			isa = PBXFrameworksBuildPhase;
			buildActionMask = 2147483647;
			files = (
			);
			runOnlyForDeploymentPostprocessing = 0;
		};
/* End PBXFrameworksBuildPhase section */

/* Begin PBXGroup section */
		109BB85128B872CC00177DAC = {
			isa = PBXGroup;
			children = (
				109BB85C28B872CD00177DAC /* simple-ui-nanoleaf */,
				109BB86D28B872D700177DAC /* simple-ui-nanoleafTests */,
				109BB87728B872D700177DAC /* simple-ui-nanoleafUITests */,
				109BB85B28B872CD00177DAC /* Products */,
			);
			sourceTree = "<group>";
		};
		109BB85B28B872CD00177DAC /* Products */ = {
			isa = PBXGroup;
			children = (
				109BB85A28B872CD00177DAC /* simple-ui-nanoleaf.app */,
				109BB86A28B872D700177DAC /* simple-ui-nanoleafTests.xctest */,
				109BB87428B872D700177DAC /* simple-ui-nanoleafUITests.xctest */,
			);
			name = Products;
			sourceTree = "<group>";
		};
		109BB85C28B872CD00177DAC /* simple-ui-nanoleaf */ = {
			isa = PBXGroup;
			children = (
				10534D6728C5B42600C1122D /* PostDataSaturation.swift */,
				1091997728C5B5B600F1B49F /* ColorWheel.swift */,
				10534D6928C5B44F00C1122D /* PostDataHue.swift */,
				109BB85D28B872CD00177DAC /* simple_ui_nanoleafApp.swift */,
				109BB85F28B872CD00177DAC /* ContentView.swift */,
				109BB86128B872D600177DAC /* Assets.xcassets */,
				109BB86328B872D600177DAC /* Preview Content */,
			);
			path = "simple-ui-nanoleaf";
			sourceTree = "<group>";
		};
		109BB86328B872D600177DAC /* Preview Content */ = {
			isa = PBXGroup;
			children = (
				109BB86428B872D600177DAC /* Preview Assets.xcassets */,
			);
			path = "Preview Content";
			sourceTree = "<group>";
		};
		109BB86D28B872D700177DAC /* simple-ui-nanoleafTests */ = {
			isa = PBXGroup;
			children = (
				109BB86E28B872D700177DAC /* simple_ui_nanoleafTests.swift */,
			);
			path = "simple-ui-nanoleafTests";
			sourceTree = "<group>";
		};
		109BB87728B872D700177DAC /* simple-ui-nanoleafUITests */ = {
			isa = PBXGroup;
			children = (
				109BB87828B872D700177DAC /* simple_ui_nanoleafUITests.swift */,
				109BB87A28B872D700177DAC /* simple_ui_nanoleafUITestsLaunchTests.swift */,
			);
			path = "simple-ui-nanoleafUITests";
			sourceTree = "<group>";
		};
/* End PBXGroup section */

/* Begin PBXNativeTarget section */
		109BB85928B872CD00177DAC /* simple-ui-nanoleaf */ = {
			isa = PBXNativeTarget;
			buildConfigurationList = 109BB87E28B872D700177DAC /* Build configuration list for PBXNativeTarget "simple-ui-nanoleaf" */;
			buildPhases = (
				109BB85628B872CD00177DAC /* Sources */,
				109BB85728B872CD00177DAC /* Frameworks */,
				109BB85828B872CD00177DAC /* Resources */,
			);
			buildRules = (
			);
			dependencies = (
			);
			name = "simple-ui-nanoleaf";
			productName = "simple-ui-nanoleaf";
			productReference = 109BB85A28B872CD00177DAC /* simple-ui-nanoleaf.app */;
			productType = "com.apple.product-type.application";
		};
		109BB86928B872D700177DAC /* simple-ui-nanoleafTests */ = {
			isa = PBXNativeTarget;
			buildConfigurationList = 109BB88128B872D700177DAC /* Build configuration list for PBXNativeTarget "simple-ui-nanoleafTests" */;
			buildPhases = (
				109BB86628B872D700177DAC /* Sources */,
				109BB86728B872D700177DAC /* Frameworks */,
				109BB86828B872D700177DAC /* Resources */,
			);
			buildRules = (
			);
			dependencies = (
				109BB86C28B872D700177DAC /* PBXTargetDependency */,
			);
			name = "simple-ui-nanoleafTests";
			productName = "simple-ui-nanoleafTests";
			productReference = 109BB86A28B872D700177DAC /* simple-ui-nanoleafTests.xctest */;
			productType = "com.apple.product-type.bundle.unit-test";
		};
		109BB87328B872D700177DAC /* simple-ui-nanoleafUITests */ = {
			isa = PBXNativeTarget;
			buildConfigurationList = 109BB88428B872D700177DAC /* Build configuration list for PBXNativeTarget "simple-ui-nanoleafUITests" */;
			buildPhases = (
				109BB87028B872D700177DAC /* Sources */,
				109BB87128B872D700177DAC /* Frameworks */,
				109BB87228B872D700177DAC /* Resources */,
			);
			buildRules = (
			);
			dependencies = (
				109BB87628B872D700177DAC /* PBXTargetDependency */,
			);
			name = "simple-ui-nanoleafUITests";
			productName = "simple-ui-nanoleafUITests";
			productReference = 109BB87428B872D700177DAC /* simple-ui-nanoleafUITests.xctest */;
			productType = "com.apple.product-type.bundle.ui-testing";
		};
/* End PBXNativeTarget section */

/* Begin PBXProject section */
		109BB85228B872CC00177DAC /* Project object */ = {
			isa = PBXProject;
			attributes = {
				BuildIndependentTargetsInParallel = 1;
				LastSwiftUpdateCheck = 1340;
				LastUpgradeCheck = 1340;
				TargetAttributes = {
					109BB85928B872CD00177DAC = {
						CreatedOnToolsVersion = 13.4.1;
					};
					109BB86928B872D700177DAC = {
						CreatedOnToolsVersion = 13.4.1;
						TestTargetID = 109BB85928B872CD00177DAC;
					};
					109BB87328B872D700177DAC = {
						CreatedOnToolsVersion = 13.4.1;
						TestTargetID = 109BB85928B872CD00177DAC;
					};
				};
			};
			buildConfigurationList = 109BB85528B872CC00177DAC /* Build configuration list for PBXProject "simple-ui-nanoleaf" */;
			compatibilityVersion = "Xcode 13.0";
			developmentRegion = en;
			hasScannedForEncodings = 0;
			knownRegions = (
				en,
				Base,
			);
			mainGroup = 109BB85128B872CC00177DAC;
			productRefGroup = 109BB85B28B872CD00177DAC /* Products */;
			projectDirPath = "";
			projectRoot = "";
			targets = (
				109BB85928B872CD00177DAC /* simple-ui-nanoleaf */,
				109BB86928B872D700177DAC /* simple-ui-nanoleafTests */,
				109BB87328B872D700177DAC /* simple-ui-nanoleafUITests */,
			);
		};
/* End PBXProject section */

/* Begin PBXResourcesBuildPhase section */
		109BB85828B872CD00177DAC /* Resources */ = {
			isa = PBXResourcesBuildPhase;
			buildActionMask = 2147483647;
			files = (
				109BB86528B872D600177DAC /* Preview Assets.xcassets in Resources */,
				109BB86228B872D600177DAC /* Assets.xcassets in Resources */,
			);
			runOnlyForDeploymentPostprocessing = 0;
		};
		109BB86828B872D700177DAC /* Resources */ = {
			isa = PBXResourcesBuildPhase;
			buildActionMask = 2147483647;
			files = (
			);
			runOnlyForDeploymentPostprocessing = 0;
		};
		109BB87228B872D700177DAC /* Resources */ = {
			isa = PBXResourcesBuildPhase;
			buildActionMask = 2147483647;
			files = (
			);
			runOnlyForDeploymentPostprocessing = 0;
		};
/* End PBXResourcesBuildPhase section */

/* Begin PBXSourcesBuildPhase section */
		109BB85628B872CD00177DAC /* Sources */ = {
			isa = PBXSourcesBuildPhase;
			buildActionMask = 2147483647;
			files = (
				10534D6828C5B42600C1122D /* PostDataSaturation.swift in Sources */,
				109BB86028B872CD00177DAC /* ContentView.swift in Sources */,
				10534D6A28C5B44F00C1122D /* PostDataHue.swift in Sources */,
				109BB85E28B872CD00177DAC /* simple_ui_nanoleafApp.swift in Sources */,
				1091997828C5B5B600F1B49F /* ColorWheel.swift in Sources */,
			);
			runOnlyForDeploymentPostprocessing = 0;
		};
		109BB86628B872D700177DAC /* Sources */ = {
			isa = PBXSourcesBuildPhase;
			buildActionMask = 2147483647;
			files = (
				109BB86F28B872D700177DAC /* simple_ui_nanoleafTests.swift in Sources */,
			);
			runOnlyForDeploymentPostprocessing = 0;
		};
		109BB87028B872D700177DAC /* Sources */ = {
			isa = PBXSourcesBuildPhase;
			buildActionMask = 2147483647;
			files = (
				109BB87B28B872D700177DAC /* simple_ui_nanoleafUITestsLaunchTests.swift in Sources */,
				109BB87928B872D700177DAC /* simple_ui_nanoleafUITests.swift in Sources */,
			);
			runOnlyForDeploymentPostprocessing = 0;
		};
/* End PBXSourcesBuildPhase section */

/* Begin PBXTargetDependency section */
		109BB86C28B872D700177DAC /* PBXTargetDependency */ = {
			isa = PBXTargetDependency;
			target = 109BB85928B872CD00177DAC /* simple-ui-nanoleaf */;
			targetProxy = 109BB86B28B872D700177DAC /* PBXContainerItemProxy */;
		};
		109BB87628B872D700177DAC /* PBXTargetDependency */ = {
			isa = PBXTargetDependency;
			target = 109BB85928B872CD00177DAC /* simple-ui-nanoleaf */;
			targetProxy = 109BB87528B872D700177DAC /* PBXContainerItemProxy */;
		};
/* End PBXTargetDependency section */

/* Begin XCBuildConfiguration section */
		109BB87C28B872D700177DAC /* Debug */ = {
			isa = XCBuildConfiguration;
			buildSettings = {
				ALWAYS_SEARCH_USER_PATHS = NO;
				CLANG_ANALYZER_NONNULL = YES;
				CLANG_ANALYZER_NUMBER_OBJECT_CONVERSION = YES_AGGRESSIVE;
				CLANG_CXX_LANGUAGE_STANDARD = "gnu++17";
				CLANG_ENABLE_MODULES = YES;
				CLANG_ENABLE_OBJC_ARC = YES;
				CLANG_ENABLE_OBJC_WEAK = YES;
				CLANG_WARN_BLOCK_CAPTURE_AUTORELEASING = YES;
				CLANG_WARN_BOOL_CONVERSION = YES;
				CLANG_WARN_COMMA = YES;
				CLANG_WARN_CONSTANT_CONVERSION = YES;
				CLANG_WARN_DEPRECATED_OBJC_IMPLEMENTATIONS = YES;
				CLANG_WARN_DIRECT_OBJC_ISA_USAGE = YES_ERROR;
				CLANG_WARN_DOCUMENTATION_COMMENTS = YES;
				CLANG_WARN_EMPTY_BODY = YES;
				CLANG_WARN_ENUM_CONVERSION = YES;
				CLANG_WARN_INFINITE_RECURSION = YES;
				CLANG_WARN_INT_CONVERSION = YES;
				CLANG_WARN_NON_LITERAL_NULL_CONVERSION = YES;
				CLANG_WARN_OBJC_IMPLICIT_RETAIN_SELF = YES;
				CLANG_WARN_OBJC_LITERAL_CONVERSION = YES;
				CLANG_WARN_OBJC_ROOT_CLASS = YES_ERROR;
				CLANG_WARN_QUOTED_INCLUDE_IN_FRAMEWORK_HEADER = YES;
				CLANG_WARN_RANGE_LOOP_ANALYSIS = YES;
				CLANG_WARN_STRICT_PROTOTYPES = YES;
				CLANG_WARN_SUSPICIOUS_MOVE = YES;
				CLANG_WARN_UNGUARDED_AVAILABILITY = YES_AGGRESSIVE;
				CLANG_WARN_UNREACHABLE_CODE = YES;
				CLANG_WARN__DUPLICATE_METHOD_MATCH = YES;
				COPY_PHASE_STRIP = NO;
				DEBUG_INFORMATION_FORMAT = dwarf;
				ENABLE_STRICT_OBJC_MSGSEND = YES;
				ENABLE_TESTABILITY = YES;
				GCC_C_LANGUAGE_STANDARD = gnu11;
				GCC_DYNAMIC_NO_PIC = NO;
				GCC_NO_COMMON_BLOCKS = YES;
				GCC_OPTIMIZATION_LEVEL = 0;
				GCC_PREPROCESSOR_DEFINITIONS = (
					"DEBUG=1",
					"$(inherited)",
				);
				GCC_WARN_64_TO_32_BIT_CONVERSION = YES;
				GCC_WARN_ABOUT_RETURN_TYPE = YES_ERROR;
				GCC_WARN_UNDECLARED_SELECTOR = YES;
				GCC_WARN_UNINITIALIZED_AUTOS = YES_AGGRESSIVE;
				GCC_WARN_UNUSED_FUNCTION = YES;
				GCC_WARN_UNUSED_VARIABLE = YES;
				IPHONEOS_DEPLOYMENT_TARGET = 15.5;
				MTL_ENABLE_DEBUG_INFO = INCLUDE_SOURCE;
				MTL_FAST_MATH = YES;
				ONLY_ACTIVE_ARCH = YES;
				SDKROOT = iphoneos;
				SWIFT_ACTIVE_COMPILATION_CONDITIONS = DEBUG;
				SWIFT_OPTIMIZATION_LEVEL = "-Onone";
			};
			name = Debug;
		};
		109BB87D28B872D700177DAC /* Release */ = {
			isa = XCBuildConfiguration;
			buildSettings = {
				ALWAYS_SEARCH_USER_PATHS = NO;
				CLANG_ANALYZER_NONNULL = YES;
				CLANG_ANALYZER_NUMBER_OBJECT_CONVERSION = YES_AGGRESSIVE;
				CLANG_CXX_LANGUAGE_STANDARD = "gnu++17";
				CLANG_ENABLE_MODULES = YES;
				CLANG_ENABLE_OBJC_ARC = YES;
				CLANG_ENABLE_OBJC_WEAK = YES;
				CLANG_WARN_BLOCK_CAPTURE_AUTORELEASING = YES;
				CLANG_WARN_BOOL_CONVERSION = YES;
				CLANG_WARN_COMMA = YES;
				CLANG_WARN_CONSTANT_CONVERSION = YES;
				CLANG_WARN_DEPRECATED_OBJC_IMPLEMENTATIONS = YES;
				CLANG_WARN_DIRECT_OBJC_ISA_USAGE = YES_ERROR;
				CLANG_WARN_DOCUMENTATION_COMMENTS = YES;
				CLANG_WARN_EMPTY_BODY = YES;
				CLANG_WARN_ENUM_CONVERSION = YES;
				CLANG_WARN_INFINITE_RECURSION = YES;
				CLANG_WARN_INT_CONVERSION = YES;
				CLANG_WARN_NON_LITERAL_NULL_CONVERSION = YES;
				CLANG_WARN_OBJC_IMPLICIT_RETAIN_SELF = YES;
				CLANG_WARN_OBJC_LITERAL_CONVERSION = YES;
				CLANG_WARN_OBJC_ROOT_CLASS = YES_ERROR;
				CLANG_WARN_QUOTED_INCLUDE_IN_FRAMEWORK_HEADER = YES;
				CLANG_WARN_RANGE_LOOP_ANALYSIS = YES;
				CLANG_WARN_STRICT_PROTOTYPES = YES;
				CLANG_WARN_SUSPICIOUS_MOVE = YES;
				CLANG_WARN_UNGUARDED_AVAILABILITY = YES_AGGRESSIVE;
				CLANG_WARN_UNREACHABLE_CODE = YES;
				CLANG_WARN__DUPLICATE_METHOD_MATCH = YES;
				COPY_PHASE_STRIP = NO;
				DEBUG_INFORMATION_FORMAT = "dwarf-with-dsym";
				ENABLE_NS_ASSERTIONS = NO;
				ENABLE_STRICT_OBJC_MSGSEND = YES;
				GCC_C_LANGUAGE_STANDARD = gnu11;
				GCC_NO_COMMON_BLOCKS = YES;
				GCC_WARN_64_TO_32_BIT_CONVERSION = YES;
				GCC_WARN_ABOUT_RETURN_TYPE = YES_ERROR;
				GCC_WARN_UNDECLARED_SELECTOR = YES;
				GCC_WARN_UNINITIALIZED_AUTOS = YES_AGGRESSIVE;
				GCC_WARN_UNUSED_FUNCTION = YES;
				GCC_WARN_UNUSED_VARIABLE = YES;
				IPHONEOS_DEPLOYMENT_TARGET = 15.5;
				MTL_ENABLE_DEBUG_INFO = NO;
				MTL_FAST_MATH = YES;
				SDKROOT = iphoneos;
				SWIFT_COMPILATION_MODE = wholemodule;
				SWIFT_OPTIMIZATION_LEVEL = "-O";
				VALIDATE_PRODUCT = YES;
			};
			name = Release;
		};
		109BB87F28B872D700177DAC /* Debug */ = {
			isa = XCBuildConfiguration;
			buildSettings = {
				ASSETCATALOG_COMPILER_APPICON_NAME = AppIcon;
				ASSETCATALOG_COMPILER_GLOBAL_ACCENT_COLOR_NAME = AccentColor;
				CODE_SIGN_STYLE = Automatic;
				CURRENT_PROJECT_VERSION = 1;
				DEVELOPMENT_ASSET_PATHS = "\"simple-ui-nanoleaf/Preview Content\"";
				DEVELOPMENT_TEAM = KKQ6PWN3J4;
				ENABLE_PREVIEWS = YES;
				GENERATE_INFOPLIST_FILE = YES;
				INFOPLIST_KEY_UIApplicationSceneManifest_Generation = YES;
				INFOPLIST_KEY_UIApplicationSupportsIndirectInputEvents = YES;
				INFOPLIST_KEY_UILaunchScreen_Generation = YES;
				INFOPLIST_KEY_UISupportedInterfaceOrientations_iPad = "UIInterfaceOrientationPortrait UIInterfaceOrientationPortraitUpsideDown UIInterfaceOrientationLandscapeLeft UIInterfaceOrientationLandscapeRight";
				INFOPLIST_KEY_UISupportedInterfaceOrientations_iPhone = "UIInterfaceOrientationPortrait UIInterfaceOrientationLandscapeLeft UIInterfaceOrientationLandscapeRight";
				LD_RUNPATH_SEARCH_PATHS = (
					"$(inherited)",
					"@executable_path/Frameworks",
				);
				MARKETING_VERSION = 1.0;
				PRODUCT_BUNDLE_IDENTIFIER = "example.simple-ui-nanoleaf";
				PRODUCT_NAME = "$(TARGET_NAME)";
				SWIFT_EMIT_LOC_STRINGS = YES;
				SWIFT_VERSION = 5.0;
				TARGETED_DEVICE_FAMILY = "1,2";
			};
			name = Debug;
		};
		109BB88028B872D700177DAC /* Release */ = {
			isa = XCBuildConfiguration;
			buildSettings = {
				ASSETCATALOG_COMPILER_APPICON_NAME = AppIcon;
				ASSETCATALOG_COMPILER_GLOBAL_ACCENT_COLOR_NAME = AccentColor;
				CODE_SIGN_STYLE = Automatic;
				CURRENT_PROJECT_VERSION = 1;
				DEVELOPMENT_ASSET_PATHS = "\"simple-ui-nanoleaf/Preview Content\"";
				DEVELOPMENT_TEAM = KKQ6PWN3J4;
				ENABLE_PREVIEWS = YES;
				GENERATE_INFOPLIST_FILE = YES;
				INFOPLIST_KEY_UIApplicationSceneManifest_Generation = YES;
				INFOPLIST_KEY_UIApplicationSupportsIndirectInputEvents = YES;
				INFOPLIST_KEY_UILaunchScreen_Generation = YES;
				INFOPLIST_KEY_UISupportedInterfaceOrientations_iPad = "UIInterfaceOrientationPortrait UIInterfaceOrientationPortraitUpsideDown UIInterfaceOrientationLandscapeLeft UIInterfaceOrientationLandscapeRight";
				INFOPLIST_KEY_UISupportedInterfaceOrientations_iPhone = "UIInterfaceOrientationPortrait UIInterfaceOrientationLandscapeLeft UIInterfaceOrientationLandscapeRight";
				LD_RUNPATH_SEARCH_PATHS = (
					"$(inherited)",
					"@executable_path/Frameworks",
				);
				MARKETING_VERSION = 1.0;
				PRODUCT_BUNDLE_IDENTIFIER = "example.simple-ui-nanoleaf";
				PRODUCT_NAME = "$(TARGET_NAME)";
				SWIFT_EMIT_LOC_STRINGS = YES;
				SWIFT_VERSION = 5.0;
				TARGETED_DEVICE_FAMILY = "1,2";
			};
			name = Release;
		};
		109BB88228B872D700177DAC /* Debug */ = {
			isa = XCBuildConfiguration;
			buildSettings = {
				ALWAYS_EMBED_SWIFT_STANDARD_LIBRARIES = YES;
				BUNDLE_LOADER = "$(TEST_HOST)";
				CODE_SIGN_STYLE = Automatic;
				CURRENT_PROJECT_VERSION = 1;
				DEVELOPMENT_TEAM = KKQ6PWN3J4;
				GENERATE_INFOPLIST_FILE = YES;
				IPHONEOS_DEPLOYMENT_TARGET = 15.5;
				MARKETING_VERSION = 1.0;
				PRODUCT_BUNDLE_IDENTIFIER = "example.simple-ui-nanoleafTests";
				PRODUCT_NAME = "$(TARGET_NAME)";
				SWIFT_EMIT_LOC_STRINGS = NO;
				SWIFT_VERSION = 5.0;
				TARGETED_DEVICE_FAMILY = "1,2";
				TEST_HOST = "$(BUILT_PRODUCTS_DIR)/simple-ui-nanoleaf.app/simple-ui-nanoleaf";
			};
			name = Debug;
		};
		109BB88328B872D700177DAC /* Release */ = {
			isa = XCBuildConfiguration;
			buildSettings = {
				ALWAYS_EMBED_SWIFT_STANDARD_LIBRARIES = YES;
				BUNDLE_LOADER = "$(TEST_HOST)";
				CODE_SIGN_STYLE = Automatic;
				CURRENT_PROJECT_VERSION = 1;
				DEVELOPMENT_TEAM = KKQ6PWN3J4;
				GENERATE_INFOPLIST_FILE = YES;
				IPHONEOS_DEPLOYMENT_TARGET = 15.5;
				MARKETING_VERSION = 1.0;
				PRODUCT_BUNDLE_IDENTIFIER = "example.simple-ui-nanoleafTests";
				PRODUCT_NAME = "$(TARGET_NAME)";
				SWIFT_EMIT_LOC_STRINGS = NO;
				SWIFT_VERSION = 5.0;
				TARGETED_DEVICE_FAMILY = "1,2";
				TEST_HOST = "$(BUILT_PRODUCTS_DIR)/simple-ui-nanoleaf.app/simple-ui-nanoleaf";
			};
			name = Release;
		};
		109BB88528B872D700177DAC /* Debug */ = {
			isa = XCBuildConfiguration;
			buildSettings = {
				ALWAYS_EMBED_SWIFT_STANDARD_LIBRARIES = YES;
				CODE_SIGN_STYLE = Automatic;
				CURRENT_PROJECT_VERSION = 1;
				DEVELOPMENT_TEAM = KKQ6PWN3J4;
				GENERATE_INFOPLIST_FILE = YES;
				MARKETING_VERSION = 1.0;
				PRODUCT_BUNDLE_IDENTIFIER = "example.simple-ui-nanoleafUITests";
				PRODUCT_NAME = "$(TARGET_NAME)";
				SWIFT_EMIT_LOC_STRINGS = NO;
				SWIFT_VERSION = 5.0;
				TARGETED_DEVICE_FAMILY = "1,2";
				TEST_TARGET_NAME = "simple-ui-nanoleaf";
			};
			name = Debug;
		};
		109BB88628B872D700177DAC /* Release */ = {
			isa = XCBuildConfiguration;
			buildSettings = {
				ALWAYS_EMBED_SWIFT_STANDARD_LIBRARIES = YES;
				CODE_SIGN_STYLE = Automatic;
				CURRENT_PROJECT_VERSION = 1;
				DEVELOPMENT_TEAM = KKQ6PWN3J4;
				GENERATE_INFOPLIST_FILE = YES;
				MARKETING_VERSION = 1.0;
				PRODUCT_BUNDLE_IDENTIFIER = "example.simple-ui-nanoleafUITests";
				PRODUCT_NAME = "$(TARGET_NAME)";
				SWIFT_EMIT_LOC_STRINGS = NO;
				SWIFT_VERSION = 5.0;
				TARGETED_DEVICE_FAMILY = "1,2";
				TEST_TARGET_NAME = "simple-ui-nanoleaf";
			};
			name = Release;
		};
/* End XCBuildConfiguration section */

/* Begin XCConfigurationList section */
		109BB85528B872CC00177DAC /* Build configuration list for PBXProject "simple-ui-nanoleaf" */ = {
			isa = XCConfigurationList;
			buildConfigurations = (
				109BB87C28B872D700177DAC /* Debug */,
				109BB87D28B872D700177DAC /* Release */,
			);
			defaultConfigurationIsVisible = 0;
			defaultConfigurationName = Release;
		};
		109BB87E28B872D700177DAC /* Build configuration list for PBXNativeTarget "simple-ui-nanoleaf" */ = {
			isa = XCConfigurationList;
			buildConfigurations = (
				109BB87F28B872D700177DAC /* Debug */,
				109BB88028B872D700177DAC /* Release */,
			);
			defaultConfigurationIsVisible = 0;
			defaultConfigurationName = Release;
		};
		109BB88128B872D700177DAC /* Build configuration list for PBXNativeTarget "simple-ui-nanoleafTests" */ = {
			isa = XCConfigurationList;
			buildConfigurations = (
				109BB88228B872D700177DAC /* Debug */,
				109BB88328B872D700177DAC /* Release */,
			);
			defaultConfigurationIsVisible = 0;
			defaultConfigurationName = Release;
		};
		109BB88428B872D700177DAC /* Build configuration list for PBXNativeTarget "simple-ui-nanoleafUITests" */ = {
			isa = XCConfigurationList;
			buildConfigurations = (
				109BB88528B872D700177DAC /* Debug */,
				109BB88628B872D700177DAC /* Release */,
			);
			defaultConfigurationIsVisible = 0;
			defaultConfigurationName = Release;
		};
/* End XCConfigurationList section */
	};
	rootObject = 109BB85228B872CC00177DAC /* Project object */;
}
